
Microsoft Visual Studio Solution File, Format Version 12.00
# Visual Studio Version 16
VisualStudioVersion = 16.0.31025.194
MinimumVisualStudioVersion = 10.0.40219.1
Project("{9A19103F-16F7-4668-BE54-9A1E7A4F7556}") = "GObjectRepro", "GObjectRepro.csproj", "{5FE23887-FC9E-45A3-A0B3-EF4B6A8032F2}"
EndProject
Global
	GlobalSection(SolutionConfigurationPlatforms) = preSolution
		Debug|Any CPU = Debug|Any CPU
		Release|Any CPU = Release|Any CPU
	EndGlobalSection
	GlobalSection(ProjectConfigurationPlatforms) = postSolution
		{5FE23887-FC9E-45A3-A0B3-EF4B6A8032F2}.Debug|Any CPU.ActiveCfg = Debug|Any CPU
		{5FE23887-FC9E-45A3-A0B3-EF4B6A8032F2}.Debug|Any CPU.Build.0 = Debug|Any CPU
		{5FE23887-FC9E-45A3-A0B3-EF4B6A8032F2}.Release|Any CPU.ActiveCfg = Release|Any CPU
		{5FE23887-FC9E-45A3-A0B3-EF4B6A8032F2}.Release|Any CPU.Build.0 = Release|Any CPU
	EndGlobalSection
	GlobalSection(SolutionProperties) = preSolution
		HideSolutionNode = FALSE
	EndGlobalSection
	GlobalSection(ExtensibilityGlobals) = postSolution
		SolutionGuid = {91285210-A9F1-469F-8911-42183B92D3F9}
	EndGlobalSection
EndGlobal
